// !$*UTF8*$!
{
	archiveVersion = 1;
	classes = {
	};
	objectVersion = 56;
	objects = {

/* Begin PBXBuildFile section */
		65151B2F2E6CE1ED00962C75 /* DeviceStorageModel.swift in Sources */ = {isa = PBXBuildFile; fileRef = 65151B2E2E6CE1CD00962C75 /* DeviceStorageModel.swift */; };
		65151B312E6CF63600962C75 /* StoreUserData.swift in Sources */ = {isa = PBXBuildFile; fileRef = 65151B302E6CF63000962C75 /* StoreUserData.swift */; };
		65151B332E6CF6D200962C75 /* LoadUserData.swift in Sources */ = {isa = PBXBuildFile; fileRef = 65151B322E6CF6CD00962C75 /* LoadUserData.swift */; };
		65151B352E6D4F1200962C75 /* DetectorProvider.swift in Sources */ = {isa = PBXBuildFile; fileRef = 65151B342E6D4F0B00962C75 /* DetectorProvider.swift */; };
		65151B3E2E6D666A00962C75 /* ImageEncoder_mobileCLIP_s2.mlmodelc in Resources */ = {isa = PBXBuildFile; fileRef = 65A944992E51A8D200D19485 /* ImageEncoder_mobileCLIP_s2.mlmodelc */; };
		65151B412E6D6B6E00962C75 /* merges.txt in Resources */ = {isa = PBXBuildFile; fileRef = 65A9448E2E49CF8100D19485 /* merges.txt */; };
		65151B422E6D6B6E00962C75 /* vocab.json in Resources */ = {isa = PBXBuildFile; fileRef = 65A9448C2E49CF6600D19485 /* vocab.json */; };
		65151B432E6D6E0600962C75 /* TextEncoder_mobileCLIP_s2.mlmodelc in Resources */ = {isa = PBXBuildFile; fileRef = 65A9449A2E51A8DC00D19485 /* TextEncoder_mobileCLIP_s2.mlmodelc */; };
		65151B442E6D6E0600962C75 /* TextEncoder_mobileCLIP_s2.mlmodelc in Resources */ = {isa = PBXBuildFile; fileRef = 65A9449A2E51A8DC00D19485 /* TextEncoder_mobileCLIP_s2.mlmodelc */; };
		65151B452E6D6E0600962C75 /* TextEncoder_mobileCLIP_s2.mlmodelc in Resources */ = {isa = PBXBuildFile; fileRef = 65A9449A2E51A8DC00D19485 /* TextEncoder_mobileCLIP_s2.mlmodelc */; };
		65151B462E6D6E1400962C75 /* ImageEncoder_mobileCLIP_s2.mlmodelc in Resources */ = {isa = PBXBuildFile; fileRef = 65A944992E51A8D200D19485 /* ImageEncoder_mobileCLIP_s2.mlmodelc */; };
		65151B472E6D6E1400962C75 /* ImageEncoder_mobileCLIP_s2.mlmodelc in Resources */ = {isa = PBXBuildFile; fileRef = 65A944992E51A8D200D19485 /* ImageEncoder_mobileCLIP_s2.mlmodelc */; };
		6551A26A2E6A8F5700A9B21D /* FirebaseAI in Frameworks */ = {isa = PBXBuildFile; productRef = 6551A2692E6A8F5700A9B21D /* FirebaseAI */; };
		6551A26C2E6A8F5700A9B21D /* FirebaseAnalytics in Frameworks */ = {isa = PBXBuildFile; productRef = 6551A26B2E6A8F5700A9B21D /* FirebaseAnalytics */; };
		6551A26E2E6A8F5700A9B21D /* FirebaseAnalyticsCore in Frameworks */ = {isa = PBXBuildFile; productRef = 6551A26D2E6A8F5700A9B21D /* FirebaseAnalyticsCore */; };
		6551A2702E6A8F5700A9B21D /* FirebaseAnalyticsIdentitySupport in Frameworks */ = {isa = PBXBuildFile; productRef = 6551A26F2E6A8F5700A9B21D /* FirebaseAnalyticsIdentitySupport */; };
		6551A2722E6A8F5700A9B21D /* FirebaseAppCheck in Frameworks */ = {isa = PBXBuildFile; productRef = 6551A2712E6A8F5700A9B21D /* FirebaseAppCheck */; };
		6551A2762E6A945400A9B21D /* FirebaseAnalytics in Frameworks */ = {isa = PBXBuildFile; productRef = 6551A2752E6A945400A9B21D /* FirebaseAnalytics */; };
		6551A2782E6A945400A9B21D /* FirebaseAuth in Frameworks */ = {isa = PBXBuildFile; productRef = 6551A2772E6A945400A9B21D /* FirebaseAuth */; };
		6551A27A2E6A945400A9B21D /* FirebaseAuthCombine-Community in Frameworks */ = {isa = PBXBuildFile; productRef = 6551A2792E6A945400A9B21D /* FirebaseAuthCombine-Community */; };
		6551A27C2E6A945400A9B21D /* FirebaseCore in Frameworks */ = {isa = PBXBuildFile; productRef = 6551A27B2E6A945400A9B21D /* FirebaseCore */; };
		6551A27E2E6A945400A9B21D /* FirebaseDatabase in Frameworks */ = {isa = PBXBuildFile; productRef = 6551A27D2E6A945400A9B21D /* FirebaseDatabase */; };
		6551A2832E6AAF0B00A9B21D /* GoogleService-Info.plist in Resources */ = {isa = PBXBuildFile; fileRef = 6551A2822E6AAF0B00A9B21D /* GoogleService-Info.plist */; };
		6551A2842E6AAF0B00A9B21D /* GoogleService-Info.plist in Resources */ = {isa = PBXBuildFile; fileRef = 6551A2822E6AAF0B00A9B21D /* GoogleService-Info.plist */; };
		6588C3EA2E2CDFF300B79463 /* response.swift in Sources */ = {isa = PBXBuildFile; fileRef = 6588C3E92E2CDFF300B79463 /* response.swift */; };
		6588C4222E32B4F100B79463 /* ProductsView.swift in Sources */ = {isa = PBXBuildFile; fileRef = 6588C4212E32B4F100B79463 /* ProductsView.swift */; };
		6588C4242E32B58E00B79463 /* AnalysisView.swift in Sources */ = {isa = PBXBuildFile; fileRef = 6588C4232E32B58E00B79463 /* AnalysisView.swift */; };
		6588C4262E32B5FB00B79463 /* UIImage.swift in Sources */ = {isa = PBXBuildFile; fileRef = 6588C4252E32B5FB00B79463 /* UIImage.swift */; };
		6588C4282E32B75400B79463 /* SegmentAnythingAPI.swift in Sources */ = {isa = PBXBuildFile; fileRef = 6588C4272E32B75400B79463 /* SegmentAnythingAPI.swift */; };
		6588C42C2E32B87B00B79463 /* MaskedImageView.swift in Sources */ = {isa = PBXBuildFile; fileRef = 6588C42B2E32B87B00B79463 /* MaskedImageView.swift */; };
		6588C42E2E32BD5500B79463 /* SavedView.swift in Sources */ = {isa = PBXBuildFile; fileRef = 6588C42D2E32BD5500B79463 /* SavedView.swift */; };
		6588C4302E34759900B79463 /* NavigationModel.swift in Sources */ = {isa = PBXBuildFile; fileRef = 6588C42F2E34759900B79463 /* NavigationModel.swift */; };
		65943CBE2E16827C000CEF2F /* YOLOv3Int8LUT.mlmodel in Sources */ = {isa = PBXBuildFile; fileRef = 65943CBD2E16827C000CEF2F /* YOLOv3Int8LUT.mlmodel */; };
		65943CC02E1798AC000CEF2F /* COCOLabels.swift in Sources */ = {isa = PBXBuildFile; fileRef = 65943CBF2E1798AC000CEF2F /* COCOLabels.swift */; };
		65943CC22E202494000CEF2F /* ImageAnalysis.swift in Sources */ = {isa = PBXBuildFile; fileRef = 65943CC12E202494000CEF2F /* ImageAnalysis.swift */; };
		65A944862E49C56D00D19485 /* ImageEncoder.swift in Sources */ = {isa = PBXBuildFile; fileRef = 65A944852E49C56D00D19485 /* ImageEncoder.swift */; };
		65A944882E49C77900D19485 /* TextEncoder.swift in Sources */ = {isa = PBXBuildFile; fileRef = 65A944872E49C77900D19485 /* TextEncoder.swift */; };
		65A9448A2E49CD8D00D19485 /* Tokenizer.swift in Sources */ = {isa = PBXBuildFile; fileRef = 65A944892E49CD8D00D19485 /* Tokenizer.swift */; };
		65A9448D2E49CF6600D19485 /* vocab.json in Resources */ = {isa = PBXBuildFile; fileRef = 65A9448C2E49CF6600D19485 /* vocab.json */; };
		65A9448F2E49CF8200D19485 /* merges.txt in Resources */ = {isa = PBXBuildFile; fileRef = 65A9448E2E49CF8100D19485 /* merges.txt */; };
		65A944982E519FC100D19485 /* CosineSimilarity.swift in Sources */ = {isa = PBXBuildFile; fileRef = 65A944972E519FC100D19485 /* CosineSimilarity.swift */; };
		65B2F8B02E0A6134002D2389 /* FurnitureFinderApp.swift in Sources */ = {isa = PBXBuildFile; fileRef = 65B2F8AF2E0A6134002D2389 /* FurnitureFinderApp.swift */; };
		65B2F8B22E0A6134002D2389 /* ContentView.swift in Sources */ = {isa = PBXBuildFile; fileRef = 65B2F8B12E0A6134002D2389 /* ContentView.swift */; };
		65B2F8B42E0A6137002D2389 /* Assets.xcassets in Resources */ = {isa = PBXBuildFile; fileRef = 65B2F8B32E0A6137002D2389 /* Assets.xcassets */; };
		65B2F8B72E0A6137002D2389 /* Preview Assets.xcassets in Resources */ = {isa = PBXBuildFile; fileRef = 65B2F8B62E0A6137002D2389 /* Preview Assets.xcassets */; };
		65B2F8C12E0A6137002D2389 /* FurnitureFinderTests.swift in Sources */ = {isa = PBXBuildFile; fileRef = 65B2F8C02E0A6137002D2389 /* FurnitureFinderTests.swift */; };
		65B2F8CB2E0A6137002D2389 /* FurnitureFinderUITests.swift in Sources */ = {isa = PBXBuildFile; fileRef = 65B2F8CA2E0A6137002D2389 /* FurnitureFinderUITests.swift */; };
		65B2F8CD2E0A6137002D2389 /* FurnitureFinderUITestsLaunchTests.swift in Sources */ = {isa = PBXBuildFile; fileRef = 65B2F8CC2E0A6137002D2389 /* FurnitureFinderUITestsLaunchTests.swift */; };
		65C5BD742E6AF76200009017 /* FurnitureDetector.swift in Sources */ = {isa = PBXBuildFile; fileRef = 65C5BD732E6AF74700009017 /* FurnitureDetector.swift */; };
		65C5BD772E6C25C900009017 /* ResultsView.swift in Sources */ = {isa = PBXBuildFile; fileRef = 65C5BD762E6C1C9300009017 /* ResultsView.swift */; };
/* End PBXBuildFile section */

/* Begin PBXContainerItemProxy section */
		65B2F8BD2E0A6137002D2389 /* PBXContainerItemProxy */ = {
			isa = PBXContainerItemProxy;
			containerPortal = 65B2F8A42E0A6134002D2389 /* Project object */;
			proxyType = 1;
			remoteGlobalIDString = 65B2F8AB2E0A6134002D2389;
			remoteInfo = FurnitureFinder;
		};
		65B2F8C72E0A6137002D2389 /* PBXContainerItemProxy */ = {
			isa = PBXContainerItemProxy;
			containerPortal = 65B2F8A42E0A6134002D2389 /* Project object */;
			proxyType = 1;
			remoteGlobalIDString = 65B2F8AB2E0A6134002D2389;
			remoteInfo = FurnitureFinder;
		};
/* End PBXContainerItemProxy section */

/* Begin PBXFileReference section */
		65151B2E2E6CE1CD00962C75 /* DeviceStorageModel.swift */ = {isa = PBXFileReference; lastKnownFileType = sourcecode.swift; path = DeviceStorageModel.swift; sourceTree = "<group>"; };
		65151B302E6CF63000962C75 /* StoreUserData.swift */ = {isa = PBXFileReference; lastKnownFileType = sourcecode.swift; path = StoreUserData.swift; sourceTree = "<group>"; };
		65151B322E6CF6CD00962C75 /* LoadUserData.swift */ = {isa = PBXFileReference; lastKnownFileType = sourcecode.swift; path = LoadUserData.swift; sourceTree = "<group>"; };
		65151B342E6D4F0B00962C75 /* DetectorProvider.swift */ = {isa = PBXFileReference; lastKnownFileType = sourcecode.swift; path = DetectorProvider.swift; sourceTree = "<group>"; };
		6551A2822E6AAF0B00A9B21D /* GoogleService-Info.plist */ = {isa = PBXFileReference; lastKnownFileType = text.plist.xml; path = "GoogleService-Info.plist"; sourceTree = "<group>"; };
		6588C3E92E2CDFF300B79463 /* response.swift */ = {isa = PBXFileReference; lastKnownFileType = sourcecode.swift; path = response.swift; sourceTree = "<group>"; };
		6588C4212E32B4F100B79463 /* ProductsView.swift */ = {isa = PBXFileReference; lastKnownFileType = sourcecode.swift; path = ProductsView.swift; sourceTree = "<group>"; };
		6588C4232E32B58E00B79463 /* AnalysisView.swift */ = {isa = PBXFileReference; lastKnownFileType = sourcecode.swift; path = AnalysisView.swift; sourceTree = "<group>"; };
		6588C4252E32B5FB00B79463 /* UIImage.swift */ = {isa = PBXFileReference; lastKnownFileType = sourcecode.swift; path = UIImage.swift; sourceTree = "<group>"; };
		6588C4272E32B75400B79463 /* SegmentAnythingAPI.swift */ = {isa = PBXFileReference; lastKnownFileType = sourcecode.swift; path = SegmentAnythingAPI.swift; sourceTree = "<group>"; };
		6588C42B2E32B87B00B79463 /* MaskedImageView.swift */ = {isa = PBXFileReference; lastKnownFileType = sourcecode.swift; path = MaskedImageView.swift; sourceTree = "<group>"; };
		6588C42D2E32BD5500B79463 /* SavedView.swift */ = {isa = PBXFileReference; lastKnownFileType = sourcecode.swift; path = SavedView.swift; sourceTree = "<group>"; };
		6588C42F2E34759900B79463 /* NavigationModel.swift */ = {isa = PBXFileReference; lastKnownFileType = sourcecode.swift; path = NavigationModel.swift; sourceTree = "<group>"; };
		65943CBD2E16827C000CEF2F /* YOLOv3Int8LUT.mlmodel */ = {isa = PBXFileReference; lastKnownFileType = file.mlmodel; name = YOLOv3Int8LUT.mlmodel; path = ../../../../Downloads/YOLOv3Int8LUT.mlmodel; sourceTree = "<group>"; };
		65943CBF2E1798AC000CEF2F /* COCOLabels.swift */ = {isa = PBXFileReference; lastKnownFileType = sourcecode.swift; path = COCOLabels.swift; sourceTree = "<group>"; };
		65943CC12E202494000CEF2F /* ImageAnalysis.swift */ = {isa = PBXFileReference; lastKnownFileType = sourcecode.swift; path = ImageAnalysis.swift; sourceTree = "<group>"; };
		65A944852E49C56D00D19485 /* ImageEncoder.swift */ = {isa = PBXFileReference; lastKnownFileType = sourcecode.swift; path = ImageEncoder.swift; sourceTree = "<group>"; };
		65A944872E49C77900D19485 /* TextEncoder.swift */ = {isa = PBXFileReference; lastKnownFileType = sourcecode.swift; path = TextEncoder.swift; sourceTree = "<group>"; };
		65A944892E49CD8D00D19485 /* Tokenizer.swift */ = {isa = PBXFileReference; lastKnownFileType = sourcecode.swift; path = Tokenizer.swift; sourceTree = "<group>"; };
		65A9448C2E49CF6600D19485 /* vocab.json */ = {isa = PBXFileReference; fileEncoding = 4; lastKnownFileType = text.json; name = vocab.json; path = ../../../../Downloads/vocab.json; sourceTree = "<group>"; };
		65A9448E2E49CF8100D19485 /* merges.txt */ = {isa = PBXFileReference; fileEncoding = 4; lastKnownFileType = text; name = merges.txt; path = ../../../../Downloads/merges.txt; sourceTree = "<group>"; };
		65A944972E519FC100D19485 /* CosineSimilarity.swift */ = {isa = PBXFileReference; lastKnownFileType = sourcecode.swift; path = CosineSimilarity.swift; sourceTree = "<group>"; };
		65A944992E51A8D200D19485 /* ImageEncoder_mobileCLIP_s2.mlmodelc */ = {isa = PBXFileReference; lastKnownFileType = wrapper; path = ImageEncoder_mobileCLIP_s2.mlmodelc; sourceTree = "<group>"; };
		65A9449A2E51A8DC00D19485 /* TextEncoder_mobileCLIP_s2.mlmodelc */ = {isa = PBXFileReference; lastKnownFileType = wrapper; path = TextEncoder_mobileCLIP_s2.mlmodelc; sourceTree = "<group>"; };
		65B2F8AC2E0A6134002D2389 /* FurnitureFinder.app */ = {isa = PBXFileReference; explicitFileType = wrapper.application; includeInIndex = 0; path = FurnitureFinder.app; sourceTree = BUILT_PRODUCTS_DIR; };
		65B2F8AF2E0A6134002D2389 /* FurnitureFinderApp.swift */ = {isa = PBXFileReference; lastKnownFileType = sourcecode.swift; path = FurnitureFinderApp.swift; sourceTree = "<group>"; };
		65B2F8B12E0A6134002D2389 /* ContentView.swift */ = {isa = PBXFileReference; lastKnownFileType = sourcecode.swift; path = ContentView.swift; sourceTree = "<group>"; };
		65B2F8B32E0A6137002D2389 /* Assets.xcassets */ = {isa = PBXFileReference; lastKnownFileType = folder.assetcatalog; path = Assets.xcassets; sourceTree = "<group>"; };
		65B2F8B62E0A6137002D2389 /* Preview Assets.xcassets */ = {isa = PBXFileReference; lastKnownFileType = folder.assetcatalog; path = "Preview Assets.xcassets"; sourceTree = "<group>"; };
		65B2F8BC2E0A6137002D2389 /* FurnitureFinderTests.xctest */ = {isa = PBXFileReference; explicitFileType = wrapper.cfbundle; includeInIndex = 0; path = FurnitureFinderTests.xctest; sourceTree = BUILT_PRODUCTS_DIR; };
		65B2F8C02E0A6137002D2389 /* FurnitureFinderTests.swift */ = {isa = PBXFileReference; lastKnownFileType = sourcecode.swift; path = FurnitureFinderTests.swift; sourceTree = "<group>"; };
		65B2F8C62E0A6137002D2389 /* FurnitureFinderUITests.xctest */ = {isa = PBXFileReference; explicitFileType = wrapper.cfbundle; includeInIndex = 0; path = FurnitureFinderUITests.xctest; sourceTree = BUILT_PRODUCTS_DIR; };
		65B2F8CA2E0A6137002D2389 /* FurnitureFinderUITests.swift */ = {isa = PBXFileReference; lastKnownFileType = sourcecode.swift; path = FurnitureFinderUITests.swift; sourceTree = "<group>"; };
		65B2F8CC2E0A6137002D2389 /* FurnitureFinderUITestsLaunchTests.swift */ = {isa = PBXFileReference; lastKnownFileType = sourcecode.swift; path = FurnitureFinderUITestsLaunchTests.swift; sourceTree = "<group>"; };
		65C5BD732E6AF74700009017 /* FurnitureDetector.swift */ = {isa = PBXFileReference; lastKnownFileType = sourcecode.swift; path = FurnitureDetector.swift; sourceTree = "<group>"; };
		65C5BD762E6C1C9300009017 /* ResultsView.swift */ = {isa = PBXFileReference; lastKnownFileType = sourcecode.swift; path = ResultsView.swift; sourceTree = "<group>"; };
/* End PBXFileReference section */

/* Begin PBXFrameworksBuildPhase section */
		65B2F8A92E0A6134002D2389 /* Frameworks */ = {
			isa = PBXFrameworksBuildPhase;
			buildActionMask = 2147483647;
			files = (
				6551A27E2E6A945400A9B21D /* FirebaseDatabase in Frameworks */,
				6551A2702E6A8F5700A9B21D /* FirebaseAnalyticsIdentitySupport in Frameworks */,
				6551A26C2E6A8F5700A9B21D /* FirebaseAnalytics in Frameworks */,
				6551A2762E6A945400A9B21D /* FirebaseAnalytics in Frameworks */,
				6551A26E2E6A8F5700A9B21D /* FirebaseAnalyticsCore in Frameworks */,
				6551A2722E6A8F5700A9B21D /* FirebaseAppCheck in Frameworks */,
				6551A2782E6A945400A9B21D /* FirebaseAuth in Frameworks */,
				6551A26A2E6A8F5700A9B21D /* FirebaseAI in Frameworks */,
				6551A27C2E6A945400A9B21D /* FirebaseCore in Frameworks */,
				6551A27A2E6A945400A9B21D /* FirebaseAuthCombine-Community in Frameworks */,
			);
			runOnlyForDeploymentPostprocessing = 0;
		};
		65B2F8B92E0A6137002D2389 /* Frameworks */ = {
			isa = PBXFrameworksBuildPhase;
			buildActionMask = 2147483647;
			files = (
			);
			runOnlyForDeploymentPostprocessing = 0;
		};
		65B2F8C32E0A6137002D2389 /* Frameworks */ = {
			isa = PBXFrameworksBuildPhase;
			buildActionMask = 2147483647;
			files = (
			);
			runOnlyForDeploymentPostprocessing = 0;
		};
/* End PBXFrameworksBuildPhase section */

/* Begin PBXGroup section */
		65151B2D2E6CE1AD00962C75 /* DeviceStorageModel */ = {
			isa = PBXGroup;
			children = (
				65151B322E6CF6CD00962C75 /* LoadUserData.swift */,
				65151B302E6CF63000962C75 /* StoreUserData.swift */,
				65151B2E2E6CE1CD00962C75 /* DeviceStorageModel.swift */,
			);
			path = DeviceStorageModel;
			sourceTree = "<group>";
		};
		6551A2682E6A838600A9B21D /* YOLO */ = {
			isa = PBXGroup;
			children = (
				65151B342E6D4F0B00962C75 /* DetectorProvider.swift */,
				65C5BD732E6AF74700009017 /* FurnitureDetector.swift */,
				65943CBD2E16827C000CEF2F /* YOLOv3Int8LUT.mlmodel */,
			);
			path = YOLO;
			sourceTree = "<group>";
		};
		65A944842E49C55D00D19485 /* CLIP */ = {
			isa = PBXGroup;
			children = (
				65A944852E49C56D00D19485 /* ImageEncoder.swift */,
				65A944872E49C77900D19485 /* TextEncoder.swift */,
				65A944972E519FC100D19485 /* CosineSimilarity.swift */,
				65A944892E49CD8D00D19485 /* Tokenizer.swift */,
			);
			path = CLIP;
			sourceTree = "<group>";
		};
		65A9448B2E49CF4100D19485 /* Encoders */ = {
			isa = PBXGroup;
			children = (
				65A9448E2E49CF8100D19485 /* merges.txt */,
				65A9448C2E49CF6600D19485 /* vocab.json */,
			);
			path = Encoders;
			sourceTree = "<group>";
		};
		65B2F8A32E0A6134002D2389 = {
			isa = PBXGroup;
			children = (
				65B2F8AE2E0A6134002D2389 /* FurnitureFinder */,
				65B2F8BF2E0A6137002D2389 /* FurnitureFinderTests */,
				65B2F8C92E0A6137002D2389 /* FurnitureFinderUITests */,
				65B2F8AD2E0A6134002D2389 /* Products */,
			);
			sourceTree = "<group>";
		};
		65B2F8AD2E0A6134002D2389 /* Products */ = {
			isa = PBXGroup;
			children = (
				65B2F8AC2E0A6134002D2389 /* FurnitureFinder.app */,
				65B2F8BC2E0A6137002D2389 /* FurnitureFinderTests.xctest */,
				65B2F8C62E0A6137002D2389 /* FurnitureFinderUITests.xctest */,
			);
			name = Products;
			sourceTree = "<group>";
		};
		65B2F8AE2E0A6134002D2389 /* FurnitureFinder */ = {
			isa = PBXGroup;
			children = (
				65151B2D2E6CE1AD00962C75 /* DeviceStorageModel */,
				6551A2822E6AAF0B00A9B21D /* GoogleService-Info.plist */,
				65B2F8AF2E0A6134002D2389 /* FurnitureFinderApp.swift */,
				6588C42F2E34759900B79463 /* NavigationModel.swift */,
				6588C42D2E32BD5500B79463 /* SavedView.swift */,
				6588C3E92E2CDFF300B79463 /* response.swift */,
				65B2F8B12E0A6134002D2389 /* ContentView.swift */,
				6588C4212E32B4F100B79463 /* ProductsView.swift */,
				65A9449A2E51A8DC00D19485 /* TextEncoder_mobileCLIP_s2.mlmodelc */,
				65A944992E51A8D200D19485 /* ImageEncoder_mobileCLIP_s2.mlmodelc */,
				6588C4232E32B58E00B79463 /* AnalysisView.swift */,
				6588C42B2E32B87B00B79463 /* MaskedImageView.swift */,
				65C5BD762E6C1C9300009017 /* ResultsView.swift */,
				65943CC12E202494000CEF2F /* ImageAnalysis.swift */,
				6551A2682E6A838600A9B21D /* YOLO */,
				65A9448B2E49CF4100D19485 /* Encoders */,
				65A944842E49C55D00D19485 /* CLIP */,
				6588C4272E32B75400B79463 /* SegmentAnythingAPI.swift */,
				6588C4252E32B5FB00B79463 /* UIImage.swift */,
				65B2F8B32E0A6137002D2389 /* Assets.xcassets */,
				65B2F8B52E0A6137002D2389 /* Preview Content */,
				65943CBF2E1798AC000CEF2F /* COCOLabels.swift */,
			);
			path = FurnitureFinder;
			sourceTree = "<group>";
		};
		65B2F8B52E0A6137002D2389 /* Preview Content */ = {
			isa = PBXGroup;
			children = (
				65B2F8B62E0A6137002D2389 /* Preview Assets.xcassets */,
			);
			path = "Preview Content";
			sourceTree = "<group>";
		};
		65B2F8BF2E0A6137002D2389 /* FurnitureFinderTests */ = {
			isa = PBXGroup;
			children = (
				65B2F8C02E0A6137002D2389 /* FurnitureFinderTests.swift */,
			);
			path = FurnitureFinderTests;
			sourceTree = "<group>";
		};
		65B2F8C92E0A6137002D2389 /* FurnitureFinderUITests */ = {
			isa = PBXGroup;
			children = (
				65B2F8CA2E0A6137002D2389 /* FurnitureFinderUITests.swift */,
				65B2F8CC2E0A6137002D2389 /* FurnitureFinderUITestsLaunchTests.swift */,
			);
			path = FurnitureFinderUITests;
			sourceTree = "<group>";
		};
/* End PBXGroup section */

/* Begin PBXNativeTarget section */
		65B2F8AB2E0A6134002D2389 /* FurnitureFinder */ = {
			isa = PBXNativeTarget;
			buildConfigurationList = 65B2F8D02E0A6137002D2389 /* Build configuration list for PBXNativeTarget "FurnitureFinder" */;
			buildPhases = (
				65B2F8A82E0A6134002D2389 /* Sources */,
				65B2F8A92E0A6134002D2389 /* Frameworks */,
				65B2F8AA2E0A6134002D2389 /* Resources */,
			);
			buildRules = (
			);
			dependencies = (
			);
			name = FurnitureFinder;
			productName = FurnitureFinder;
			productReference = 65B2F8AC2E0A6134002D2389 /* FurnitureFinder.app */;
			productType = "com.apple.product-type.application";
		};
		65B2F8BB2E0A6137002D2389 /* FurnitureFinderTests */ = {
			isa = PBXNativeTarget;
			buildConfigurationList = 65B2F8D32E0A6137002D2389 /* Build configuration list for PBXNativeTarget "FurnitureFinderTests" */;
			buildPhases = (
				65B2F8B82E0A6137002D2389 /* Sources */,
				65B2F8B92E0A6137002D2389 /* Frameworks */,
				65B2F8BA2E0A6137002D2389 /* Resources */,
			);
			buildRules = (
			);
			dependencies = (
				65B2F8BE2E0A6137002D2389 /* PBXTargetDependency */,
			);
			name = FurnitureFinderTests;
			productName = FurnitureFinderTests;
			productReference = 65B2F8BC2E0A6137002D2389 /* FurnitureFinderTests.xctest */;
			productType = "com.apple.product-type.bundle.unit-test";
		};
		65B2F8C52E0A6137002D2389 /* FurnitureFinderUITests */ = {
			isa = PBXNativeTarget;
			buildConfigurationList = 65B2F8D62E0A6137002D2389 /* Build configuration list for PBXNativeTarget "FurnitureFinderUITests" */;
			buildPhases = (
				65B2F8C22E0A6137002D2389 /* Sources */,
				65B2F8C32E0A6137002D2389 /* Frameworks */,
				65B2F8C42E0A6137002D2389 /* Resources */,
			);
			buildRules = (
			);
			dependencies = (
				65B2F8C82E0A6137002D2389 /* PBXTargetDependency */,
			);
			name = FurnitureFinderUITests;
			productName = FurnitureFinderUITests;
			productReference = 65B2F8C62E0A6137002D2389 /* FurnitureFinderUITests.xctest */;
			productType = "com.apple.product-type.bundle.ui-testing";
		};
/* End PBXNativeTarget section */

/* Begin PBXProject section */
		65B2F8A42E0A6134002D2389 /* Project object */ = {
			isa = PBXProject;
			attributes = {
				BuildIndependentTargetsInParallel = 1;
				LastSwiftUpdateCheck = 1530;
				LastUpgradeCheck = 1530;
				TargetAttributes = {
					65B2F8AB2E0A6134002D2389 = {
						CreatedOnToolsVersion = 15.3;
					};
					65B2F8BB2E0A6137002D2389 = {
						CreatedOnToolsVersion = 15.3;
						TestTargetID = 65B2F8AB2E0A6134002D2389;
					};
					65B2F8C52E0A6137002D2389 = {
						CreatedOnToolsVersion = 15.3;
						TestTargetID = 65B2F8AB2E0A6134002D2389;
					};
				};
			};
			buildConfigurationList = 65B2F8A72E0A6134002D2389 /* Build configuration list for PBXProject "FurnitureFinder" */;
			compatibilityVersion = "Xcode 14.0";
			developmentRegion = en;
			hasScannedForEncodings = 0;
			knownRegions = (
				en,
				Base,
			);
			mainGroup = 65B2F8A32E0A6134002D2389;
			packageReferences = (
				657F50072E5E365100E9CB98 /* XCRemoteSwiftPackageReference "firebase-ios-sdk" */,
			);
			productRefGroup = 65B2F8AD2E0A6134002D2389 /* Products */;
			projectDirPath = "";
			projectRoot = "";
			targets = (
				65B2F8AB2E0A6134002D2389 /* FurnitureFinder */,
				65B2F8BB2E0A6137002D2389 /* FurnitureFinderTests */,
				65B2F8C52E0A6137002D2389 /* FurnitureFinderUITests */,
			);
		};
/* End PBXProject section */

/* Begin PBXResourcesBuildPhase section */
		65B2F8AA2E0A6134002D2389 /* Resources */ = {
			isa = PBXResourcesBuildPhase;
			buildActionMask = 2147483647;
			files = (
				65151B462E6D6E1400962C75 /* ImageEncoder_mobileCLIP_s2.mlmodelc in Resources */,
				65B2F8B72E0A6137002D2389 /* Preview Assets.xcassets in Resources */,
				65151B432E6D6E0600962C75 /* TextEncoder_mobileCLIP_s2.mlmodelc in Resources */,
				65B2F8B42E0A6137002D2389 /* Assets.xcassets in Resources */,
				65A9448F2E49CF8200D19485 /* merges.txt in Resources */,
				65A9448D2E49CF6600D19485 /* vocab.json in Resources */,
				6551A2832E6AAF0B00A9B21D /* GoogleService-Info.plist in Resources */,
			);
			runOnlyForDeploymentPostprocessing = 0;
		};
		65B2F8BA2E0A6137002D2389 /* Resources */ = {
			isa = PBXResourcesBuildPhase;
			buildActionMask = 2147483647;
			files = (
				65151B412E6D6B6E00962C75 /* merges.txt in Resources */,
				65151B422E6D6B6E00962C75 /* vocab.json in Resources */,
				65151B3E2E6D666A00962C75 /* ImageEncoder_mobileCLIP_s2.mlmodelc in Resources */,
				65151B442E6D6E0600962C75 /* TextEncoder_mobileCLIP_s2.mlmodelc in Resources */,
				6551A2842E6AAF0B00A9B21D /* GoogleService-Info.plist in Resources */,
			);
			runOnlyForDeploymentPostprocessing = 0;
		};
		65B2F8C42E0A6137002D2389 /* Resources */ = {
			isa = PBXResourcesBuildPhase;
			buildActionMask = 2147483647;
			files = (
				65151B472E6D6E1400962C75 /* ImageEncoder_mobileCLIP_s2.mlmodelc in Resources */,
				65151B452E6D6E0600962C75 /* TextEncoder_mobileCLIP_s2.mlmodelc in Resources */,
			);
			runOnlyForDeploymentPostprocessing = 0;
		};
/* End PBXResourcesBuildPhase section */

/* Begin PBXSourcesBuildPhase section */
		65B2F8A82E0A6134002D2389 /* Sources */ = {
			isa = PBXSourcesBuildPhase;
			buildActionMask = 2147483647;
			files = (
				65943CBE2E16827C000CEF2F /* YOLOv3Int8LUT.mlmodel in Sources */,
				65943CC02E1798AC000CEF2F /* COCOLabels.swift in Sources */,
				6588C4222E32B4F100B79463 /* ProductsView.swift in Sources */,
				65C5BD742E6AF76200009017 /* FurnitureDetector.swift in Sources */,
				6588C3EA2E2CDFF300B79463 /* response.swift in Sources */,
				6588C42E2E32BD5500B79463 /* SavedView.swift in Sources */,
				65A944982E519FC100D19485 /* CosineSimilarity.swift in Sources */,
				6588C4302E34759900B79463 /* NavigationModel.swift in Sources */,
				65943CC22E202494000CEF2F /* ImageAnalysis.swift in Sources */,
				65A944882E49C77900D19485 /* TextEncoder.swift in Sources */,
				65151B312E6CF63600962C75 /* StoreUserData.swift in Sources */,
				65B2F8B22E0A6134002D2389 /* ContentView.swift in Sources */,
				65B2F8B02E0A6134002D2389 /* FurnitureFinderApp.swift in Sources */,
				65C5BD772E6C25C900009017 /* ResultsView.swift in Sources */,
				65A944862E49C56D00D19485 /* ImageEncoder.swift in Sources */,
				6588C4262E32B5FB00B79463 /* UIImage.swift in Sources */,
				6588C42C2E32B87B00B79463 /* MaskedImageView.swift in Sources */,
				6588C4242E32B58E00B79463 /* AnalysisView.swift in Sources */,
				65151B332E6CF6D200962C75 /* LoadUserData.swift in Sources */,
				65151B2F2E6CE1ED00962C75 /* DeviceStorageModel.swift in Sources */,
				65A9448A2E49CD8D00D19485 /* Tokenizer.swift in Sources */,
				65151B352E6D4F1200962C75 /* DetectorProvider.swift in Sources */,
				6588C4282E32B75400B79463 /* SegmentAnythingAPI.swift in Sources */,
			);
			runOnlyForDeploymentPostprocessing = 0;
		};
		65B2F8B82E0A6137002D2389 /* Sources */ = {
			isa = PBXSourcesBuildPhase;
			buildActionMask = 2147483647;
			files = (
				65B2F8C12E0A6137002D2389 /* FurnitureFinderTests.swift in Sources */,
			);
			runOnlyForDeploymentPostprocessing = 0;
		};
		65B2F8C22E0A6137002D2389 /* Sources */ = {
			isa = PBXSourcesBuildPhase;
			buildActionMask = 2147483647;
			files = (
				65B2F8CB2E0A6137002D2389 /* FurnitureFinderUITests.swift in Sources */,
				65B2F8CD2E0A6137002D2389 /* FurnitureFinderUITestsLaunchTests.swift in Sources */,
			);
			runOnlyForDeploymentPostprocessing = 0;
		};
/* End PBXSourcesBuildPhase section */

/* Begin PBXTargetDependency section */
		65B2F8BE2E0A6137002D2389 /* PBXTargetDependency */ = {
			isa = PBXTargetDependency;
			target = 65B2F8AB2E0A6134002D2389 /* FurnitureFinder */;
			targetProxy = 65B2F8BD2E0A6137002D2389 /* PBXContainerItemProxy */;
		};
		65B2F8C82E0A6137002D2389 /* PBXTargetDependency */ = {
			isa = PBXTargetDependency;
			target = 65B2F8AB2E0A6134002D2389 /* FurnitureFinder */;
			targetProxy = 65B2F8C72E0A6137002D2389 /* PBXContainerItemProxy */;
		};
/* End PBXTargetDependency section */

/* Begin XCBuildConfiguration section */
		65B2F8CE2E0A6137002D2389 /* Debug */ = {
			isa = XCBuildConfiguration;
			buildSettings = {
				ALWAYS_SEARCH_USER_PATHS = NO;
				ASSETCATALOG_COMPILER_GENERATE_SWIFT_ASSET_SYMBOL_EXTENSIONS = YES;
				CLANG_ANALYZER_NONNULL = YES;
				CLANG_ANALYZER_NUMBER_OBJECT_CONVERSION = YES_AGGRESSIVE;
				CLANG_CXX_LANGUAGE_STANDARD = "gnu++20";
				CLANG_ENABLE_MODULES = YES;
				CLANG_ENABLE_OBJC_ARC = YES;
				CLANG_ENABLE_OBJC_WEAK = YES;
				CLANG_WARN_BLOCK_CAPTURE_AUTORELEASING = YES;
				CLANG_WARN_BOOL_CONVERSION = YES;
				CLANG_WARN_COMMA = YES;
				CLANG_WARN_CONSTANT_CONVERSION = YES;
				CLANG_WARN_DEPRECATED_OBJC_IMPLEMENTATIONS = YES;
				CLANG_WARN_DIRECT_OBJC_ISA_USAGE = YES_ERROR;
				CLANG_WARN_DOCUMENTATION_COMMENTS = YES;
				CLANG_WARN_EMPTY_BODY = YES;
				CLANG_WARN_ENUM_CONVERSION = YES;
				CLANG_WARN_INFINITE_RECURSION = YES;
				CLANG_WARN_INT_CONVERSION = YES;
				CLANG_WARN_NON_LITERAL_NULL_CONVERSION = YES;
				CLANG_WARN_OBJC_IMPLICIT_RETAIN_SELF = YES;
				CLANG_WARN_OBJC_LITERAL_CONVERSION = YES;
				CLANG_WARN_OBJC_ROOT_CLASS = YES_ERROR;
				CLANG_WARN_QUOTED_INCLUDE_IN_FRAMEWORK_HEADER = YES;
				CLANG_WARN_RANGE_LOOP_ANALYSIS = YES;
				CLANG_WARN_STRICT_PROTOTYPES = YES;
				CLANG_WARN_SUSPICIOUS_MOVE = YES;
				CLANG_WARN_UNGUARDED_AVAILABILITY = YES_AGGRESSIVE;
				CLANG_WARN_UNREACHABLE_CODE = YES;
				CLANG_WARN__DUPLICATE_METHOD_MATCH = YES;
				COPY_PHASE_STRIP = NO;
				DEBUG_INFORMATION_FORMAT = dwarf;
				ENABLE_STRICT_OBJC_MSGSEND = YES;
				ENABLE_TESTABILITY = YES;
				ENABLE_USER_SCRIPT_SANDBOXING = YES;
				GCC_C_LANGUAGE_STANDARD = gnu17;
				GCC_DYNAMIC_NO_PIC = NO;
				GCC_NO_COMMON_BLOCKS = YES;
				GCC_OPTIMIZATION_LEVEL = 0;
				GCC_PREPROCESSOR_DEFINITIONS = (
					"DEBUG=1",
					"$(inherited)",
				);
				GCC_WARN_64_TO_32_BIT_CONVERSION = YES;
				GCC_WARN_ABOUT_RETURN_TYPE = YES_ERROR;
				GCC_WARN_UNDECLARED_SELECTOR = YES;
				GCC_WARN_UNINITIALIZED_AUTOS = YES_AGGRESSIVE;
				GCC_WARN_UNUSED_FUNCTION = YES;
				GCC_WARN_UNUSED_VARIABLE = YES;
				IPHONEOS_DEPLOYMENT_TARGET = 17.4;
				LOCALIZATION_PREFERS_STRING_CATALOGS = YES;
				MTL_ENABLE_DEBUG_INFO = INCLUDE_SOURCE;
				MTL_FAST_MATH = YES;
				ONLY_ACTIVE_ARCH = YES;
				SDKROOT = iphoneos;
				SWIFT_ACTIVE_COMPILATION_CONDITIONS = "DEBUG $(inherited)";
				SWIFT_OPTIMIZATION_LEVEL = "-Onone";
			};
			name = Debug;
		};
		65B2F8CF2E0A6137002D2389 /* Release */ = {
			isa = XCBuildConfiguration;
			buildSettings = {
				ALWAYS_SEARCH_USER_PATHS = NO;
				ASSETCATALOG_COMPILER_GENERATE_SWIFT_ASSET_SYMBOL_EXTENSIONS = YES;
				CLANG_ANALYZER_NONNULL = YES;
				CLANG_ANALYZER_NUMBER_OBJECT_CONVERSION = YES_AGGRESSIVE;
				CLANG_CXX_LANGUAGE_STANDARD = "gnu++20";
				CLANG_ENABLE_MODULES = YES;
				CLANG_ENABLE_OBJC_ARC = YES;
				CLANG_ENABLE_OBJC_WEAK = YES;
				CLANG_WARN_BLOCK_CAPTURE_AUTORELEASING = YES;
				CLANG_WARN_BOOL_CONVERSION = YES;
				CLANG_WARN_COMMA = YES;
				CLANG_WARN_CONSTANT_CONVERSION = YES;
				CLANG_WARN_DEPRECATED_OBJC_IMPLEMENTATIONS = YES;
				CLANG_WARN_DIRECT_OBJC_ISA_USAGE = YES_ERROR;
				CLANG_WARN_DOCUMENTATION_COMMENTS = YES;
				CLANG_WARN_EMPTY_BODY = YES;
				CLANG_WARN_ENUM_CONVERSION = YES;
				CLANG_WARN_INFINITE_RECURSION = YES;
				CLANG_WARN_INT_CONVERSION = YES;
				CLANG_WARN_NON_LITERAL_NULL_CONVERSION = YES;
				CLANG_WARN_OBJC_IMPLICIT_RETAIN_SELF = YES;
				CLANG_WARN_OBJC_LITERAL_CONVERSION = YES;
				CLANG_WARN_OBJC_ROOT_CLASS = YES_ERROR;
				CLANG_WARN_QUOTED_INCLUDE_IN_FRAMEWORK_HEADER = YES;
				CLANG_WARN_RANGE_LOOP_ANALYSIS = YES;
				CLANG_WARN_STRICT_PROTOTYPES = YES;
				CLANG_WARN_SUSPICIOUS_MOVE = YES;
				CLANG_WARN_UNGUARDED_AVAILABILITY = YES_AGGRESSIVE;
				CLANG_WARN_UNREACHABLE_CODE = YES;
				CLANG_WARN__DUPLICATE_METHOD_MATCH = YES;
				COPY_PHASE_STRIP = NO;
				DEBUG_INFORMATION_FORMAT = "dwarf-with-dsym";
				ENABLE_NS_ASSERTIONS = NO;
				ENABLE_STRICT_OBJC_MSGSEND = YES;
				ENABLE_USER_SCRIPT_SANDBOXING = YES;
				GCC_C_LANGUAGE_STANDARD = gnu17;
				GCC_NO_COMMON_BLOCKS = YES;
				GCC_WARN_64_TO_32_BIT_CONVERSION = YES;
				GCC_WARN_ABOUT_RETURN_TYPE = YES_ERROR;
				GCC_WARN_UNDECLARED_SELECTOR = YES;
				GCC_WARN_UNINITIALIZED_AUTOS = YES_AGGRESSIVE;
				GCC_WARN_UNUSED_FUNCTION = YES;
				GCC_WARN_UNUSED_VARIABLE = YES;
				IPHONEOS_DEPLOYMENT_TARGET = 17.4;
				LOCALIZATION_PREFERS_STRING_CATALOGS = YES;
				MTL_ENABLE_DEBUG_INFO = NO;
				MTL_FAST_MATH = YES;
				SDKROOT = iphoneos;
				SWIFT_COMPILATION_MODE = wholemodule;
				VALIDATE_PRODUCT = YES;
			};
			name = Release;
		};
		65B2F8D12E0A6137002D2389 /* Debug */ = {
			isa = XCBuildConfiguration;
			buildSettings = {
				ASSETCATALOG_COMPILER_APPICON_NAME = AppIcon;
				ASSETCATALOG_COMPILER_GLOBAL_ACCENT_COLOR_NAME = AccentColor;
				CODE_SIGN_STYLE = Automatic;
				CURRENT_PROJECT_VERSION = 1;
				DEVELOPMENT_ASSET_PATHS = "\"FurnitureFinder/Preview Content\"";
				DEVELOPMENT_TEAM = F636Q6AB47;
				ENABLE_PREVIEWS = YES;
				GENERATE_INFOPLIST_FILE = YES;
				INFOPLIST_KEY_UIApplicationSceneManifest_Generation = YES;
				INFOPLIST_KEY_UIApplicationSupportsIndirectInputEvents = YES;
				INFOPLIST_KEY_UILaunchScreen_Generation = YES;
				INFOPLIST_KEY_UISupportedInterfaceOrientations_iPad = "UIInterfaceOrientationPortrait UIInterfaceOrientationPortraitUpsideDown UIInterfaceOrientationLandscapeLeft UIInterfaceOrientationLandscapeRight";
				INFOPLIST_KEY_UISupportedInterfaceOrientations_iPhone = "UIInterfaceOrientationPortrait UIInterfaceOrientationLandscapeLeft UIInterfaceOrientationLandscapeRight";
				LD_RUNPATH_SEARCH_PATHS = (
					"$(inherited)",
					"@executable_path/Frameworks",
				);
				MARKETING_VERSION = 1.0;
				PRODUCT_BUNDLE_IDENTIFIER = com.daniel.FurnitureFinder;
				PRODUCT_NAME = "$(TARGET_NAME)";
				SWIFT_EMIT_LOC_STRINGS = YES;
				SWIFT_VERSION = 5.0;
				TARGETED_DEVICE_FAMILY = "1,2";
			};
			name = Debug;
		};
		65B2F8D22E0A6137002D2389 /* Release */ = {
			isa = XCBuildConfiguration;
			buildSettings = {
				ASSETCATALOG_COMPILER_APPICON_NAME = AppIcon;
				ASSETCATALOG_COMPILER_GLOBAL_ACCENT_COLOR_NAME = AccentColor;
				CODE_SIGN_STYLE = Automatic;
				CURRENT_PROJECT_VERSION = 1;
				DEVELOPMENT_ASSET_PATHS = "\"FurnitureFinder/Preview Content\"";
				DEVELOPMENT_TEAM = F636Q6AB47;
				ENABLE_PREVIEWS = YES;
				GENERATE_INFOPLIST_FILE = YES;
				INFOPLIST_KEY_UIApplicationSceneManifest_Generation = YES;
				INFOPLIST_KEY_UIApplicationSupportsIndirectInputEvents = YES;
				INFOPLIST_KEY_UILaunchScreen_Generation = YES;
				INFOPLIST_KEY_UISupportedInterfaceOrientations_iPad = "UIInterfaceOrientationPortrait UIInterfaceOrientationPortraitUpsideDown UIInterfaceOrientationLandscapeLeft UIInterfaceOrientationLandscapeRight";
				INFOPLIST_KEY_UISupportedInterfaceOrientations_iPhone = "UIInterfaceOrientationPortrait UIInterfaceOrientationLandscapeLeft UIInterfaceOrientationLandscapeRight";
				LD_RUNPATH_SEARCH_PATHS = (
					"$(inherited)",
					"@executable_path/Frameworks",
				);
				MARKETING_VERSION = 1.0;
				PRODUCT_BUNDLE_IDENTIFIER = com.daniel.FurnitureFinder;
				PRODUCT_NAME = "$(TARGET_NAME)";
				SWIFT_EMIT_LOC_STRINGS = YES;
				SWIFT_VERSION = 5.0;
				TARGETED_DEVICE_FAMILY = "1,2";
			};
			name = Release;
		};
		65B2F8D42E0A6137002D2389 /* Debug */ = {
			isa = XCBuildConfiguration;
			buildSettings = {
				ALWAYS_EMBED_SWIFT_STANDARD_LIBRARIES = YES;
				BUNDLE_LOADER = "$(TEST_HOST)";
				CODE_SIGN_STYLE = Automatic;
				CURRENT_PROJECT_VERSION = 1;
				DEVELOPMENT_TEAM = F636Q6AB47;
				GENERATE_INFOPLIST_FILE = YES;
				IPHONEOS_DEPLOYMENT_TARGET = 17.4;
				MARKETING_VERSION = 1.0;
				PRODUCT_BUNDLE_IDENTIFIER = com.daniel.FurnitureFinderTests;
				PRODUCT_NAME = "$(TARGET_NAME)";
				SWIFT_EMIT_LOC_STRINGS = NO;
				SWIFT_VERSION = 5.0;
				TARGETED_DEVICE_FAMILY = "1,2";
				TEST_HOST = "$(BUILT_PRODUCTS_DIR)/FurnitureFinder.app/$(BUNDLE_EXECUTABLE_FOLDER_PATH)/FurnitureFinder";
			};
			name = Debug;
		};
		65B2F8D52E0A6137002D2389 /* Release */ = {
			isa = XCBuildConfiguration;
			buildSettings = {
				ALWAYS_EMBED_SWIFT_STANDARD_LIBRARIES = YES;
				BUNDLE_LOADER = "$(TEST_HOST)";
				CODE_SIGN_STYLE = Automatic;
				CURRENT_PROJECT_VERSION = 1;
				DEVELOPMENT_TEAM = F636Q6AB47;
				GENERATE_INFOPLIST_FILE = YES;
				IPHONEOS_DEPLOYMENT_TARGET = 17.4;
				MARKETING_VERSION = 1.0;
				PRODUCT_BUNDLE_IDENTIFIER = com.daniel.FurnitureFinderTests;
				PRODUCT_NAME = "$(TARGET_NAME)";
				SWIFT_EMIT_LOC_STRINGS = NO;
				SWIFT_VERSION = 5.0;
				TARGETED_DEVICE_FAMILY = "1,2";
				TEST_HOST = "$(BUILT_PRODUCTS_DIR)/FurnitureFinder.app/$(BUNDLE_EXECUTABLE_FOLDER_PATH)/FurnitureFinder";
			};
			name = Release;
		};
		65B2F8D72E0A6137002D2389 /* Debug */ = {
			isa = XCBuildConfiguration;
			buildSettings = {
				ALWAYS_EMBED_SWIFT_STANDARD_LIBRARIES = YES;
				CODE_SIGN_STYLE = Automatic;
				CURRENT_PROJECT_VERSION = 1;
				GENERATE_INFOPLIST_FILE = YES;
				MARKETING_VERSION = 1.0;
				PRODUCT_BUNDLE_IDENTIFIER = daniel.FurnitureFinderUITests;
				PRODUCT_NAME = "$(TARGET_NAME)";
				SWIFT_EMIT_LOC_STRINGS = NO;
				SWIFT_VERSION = 5.0;
				TARGETED_DEVICE_FAMILY = "1,2";
				TEST_TARGET_NAME = FurnitureFinder;
			};
			name = Debug;
		};
		65B2F8D82E0A6137002D2389 /* Release */ = {
			isa = XCBuildConfiguration;
			buildSettings = {
				ALWAYS_EMBED_SWIFT_STANDARD_LIBRARIES = YES;
				CODE_SIGN_STYLE = Automatic;
				CURRENT_PROJECT_VERSION = 1;
				GENERATE_INFOPLIST_FILE = YES;
				MARKETING_VERSION = 1.0;
				PRODUCT_BUNDLE_IDENTIFIER = daniel.FurnitureFinderUITests;
				PRODUCT_NAME = "$(TARGET_NAME)";
				SWIFT_EMIT_LOC_STRINGS = NO;
				SWIFT_VERSION = 5.0;
				TARGETED_DEVICE_FAMILY = "1,2";
				TEST_TARGET_NAME = FurnitureFinder;
			};
			name = Release;
		};
/* End XCBuildConfiguration section */

/* Begin XCConfigurationList section */
		65B2F8A72E0A6134002D2389 /* Build configuration list for PBXProject "FurnitureFinder" */ = {
			isa = XCConfigurationList;
			buildConfigurations = (
				65B2F8CE2E0A6137002D2389 /* Debug */,
				65B2F8CF2E0A6137002D2389 /* Release */,
			);
			defaultConfigurationIsVisible = 0;
			defaultConfigurationName = Release;
		};
		65B2F8D02E0A6137002D2389 /* Build configuration list for PBXNativeTarget "FurnitureFinder" */ = {
			isa = XCConfigurationList;
			buildConfigurations = (
				65B2F8D12E0A6137002D2389 /* Debug */,
				65B2F8D22E0A6137002D2389 /* Release */,
			);
			defaultConfigurationIsVisible = 0;
			defaultConfigurationName = Release;
		};
		65B2F8D32E0A6137002D2389 /* Build configuration list for PBXNativeTarget "FurnitureFinderTests" */ = {
			isa = XCConfigurationList;
			buildConfigurations = (
				65B2F8D42E0A6137002D2389 /* Debug */,
				65B2F8D52E0A6137002D2389 /* Release */,
			);
			defaultConfigurationIsVisible = 0;
			defaultConfigurationName = Release;
		};
		65B2F8D62E0A6137002D2389 /* Build configuration list for PBXNativeTarget "FurnitureFinderUITests" */ = {
			isa = XCConfigurationList;
			buildConfigurations = (
				65B2F8D72E0A6137002D2389 /* Debug */,
				65B2F8D82E0A6137002D2389 /* Release */,
			);
			defaultConfigurationIsVisible = 0;
			defaultConfigurationName = Release;
		};
/* End XCConfigurationList section */

/* Begin XCRemoteSwiftPackageReference section */
		657F50072E5E365100E9CB98 /* XCRemoteSwiftPackageReference "firebase-ios-sdk" */ = {
			isa = XCRemoteSwiftPackageReference;
			repositoryURL = "https://github.com/firebase/firebase-ios-sdk";
			requirement = {
				kind = upToNextMajorVersion;
				minimumVersion = 12.1.0;
			};
		};
/* End XCRemoteSwiftPackageReference section */

/* Begin XCSwiftPackageProductDependency section */
		6551A2692E6A8F5700A9B21D /* FirebaseAI */ = {
			isa = XCSwiftPackageProductDependency;
			package = 657F50072E5E365100E9CB98 /* XCRemoteSwiftPackageReference "firebase-ios-sdk" */;
			productName = FirebaseAI;
		};
		6551A26B2E6A8F5700A9B21D /* FirebaseAnalytics */ = {
			isa = XCSwiftPackageProductDependency;
			package = 657F50072E5E365100E9CB98 /* XCRemoteSwiftPackageReference "firebase-ios-sdk" */;
			productName = FirebaseAnalytics;
		};
		6551A26D2E6A8F5700A9B21D /* FirebaseAnalyticsCore */ = {
			isa = XCSwiftPackageProductDependency;
			package = 657F50072E5E365100E9CB98 /* XCRemoteSwiftPackageReference "firebase-ios-sdk" */;
			productName = FirebaseAnalyticsCore;
		};
		6551A26F2E6A8F5700A9B21D /* FirebaseAnalyticsIdentitySupport */ = {
			isa = XCSwiftPackageProductDependency;
			package = 657F50072E5E365100E9CB98 /* XCRemoteSwiftPackageReference "firebase-ios-sdk" */;
			productName = FirebaseAnalyticsIdentitySupport;
		};
		6551A2712E6A8F5700A9B21D /* FirebaseAppCheck */ = {
			isa = XCSwiftPackageProductDependency;
			package = 657F50072E5E365100E9CB98 /* XCRemoteSwiftPackageReference "firebase-ios-sdk" */;
			productName = FirebaseAppCheck;
		};
		6551A2752E6A945400A9B21D /* FirebaseAnalytics */ = {
			isa = XCSwiftPackageProductDependency;
			package = 657F50072E5E365100E9CB98 /* XCRemoteSwiftPackageReference "firebase-ios-sdk" */;
			productName = FirebaseAnalytics;
		};
		6551A2772E6A945400A9B21D /* FirebaseAuth */ = {
			isa = XCSwiftPackageProductDependency;
			package = 657F50072E5E365100E9CB98 /* XCRemoteSwiftPackageReference "firebase-ios-sdk" */;
			productName = FirebaseAuth;
		};
		6551A2792E6A945400A9B21D /* FirebaseAuthCombine-Community */ = {
			isa = XCSwiftPackageProductDependency;
			package = 657F50072E5E365100E9CB98 /* XCRemoteSwiftPackageReference "firebase-ios-sdk" */;
			productName = "FirebaseAuthCombine-Community";
		};
		6551A27B2E6A945400A9B21D /* FirebaseCore */ = {
			isa = XCSwiftPackageProductDependency;
			package = 657F50072E5E365100E9CB98 /* XCRemoteSwiftPackageReference "firebase-ios-sdk" */;
			productName = FirebaseCore;
		};
		6551A27D2E6A945400A9B21D /* FirebaseDatabase */ = {
			isa = XCSwiftPackageProductDependency;
			package = 657F50072E5E365100E9CB98 /* XCRemoteSwiftPackageReference "firebase-ios-sdk" */;
			productName = FirebaseDatabase;
		};
/* End XCSwiftPackageProductDependency section */
	};
	rootObject = 65B2F8A42E0A6134002D2389 /* Project object */;
}
